
Microsoft Visual Studio Solution File, Format Version 12.00
# Visual Studio Version 16
VisualStudioVersion = 16.0.30114.105
MinimumVisualStudioVersion = 10.0.40219.1
Project("{FAE04EC0-301F-11D3-BF4B-00C04F79EFBC}") = "WebApiBI", "WebApiBI\WebApiBI.csproj", "{5D5C07CD-A8FD-48AC-8303-2636B60609E7}"
EndProject
Project("{FAE04EC0-301F-11D3-BF4B-00C04F79EFBC}") = "WebApiBi.Tests", "WebApiBi.Tests\WebApiBi.Tests.csproj", "{7E526C83-136B-4587-A003-A0046CF1F34F}"
EndProject
Global
	GlobalSection(SolutionConfigurationPlatforms) = preSolution
		Debug|Any CPU = Debug|Any CPU
		Release|Any CPU = Release|Any CPU
	EndGlobalSection
	GlobalSection(SolutionProperties) = preSolution
		HideSolutionNode = FALSE
	EndGlobalSection
	GlobalSection(ProjectConfigurationPlatforms) = postSolution
		{5D5C07CD-A8FD-48AC-8303-2636B60609E7}.Debug|Any CPU.ActiveCfg = Debug|Any CPU
		{5D5C07CD-A8FD-48AC-8303-2636B60609E7}.Debug|Any CPU.Build.0 = Debug|Any CPU
		{5D5C07CD-A8FD-48AC-8303-2636B60609E7}.Release|Any CPU.ActiveCfg = Release|Any CPU
		{5D5C07CD-A8FD-48AC-8303-2636B60609E7}.Release|Any CPU.Build.0 = Release|Any CPU
		{7E526C83-136B-4587-A003-A0046CF1F34F}.Debug|Any CPU.ActiveCfg = Debug|Any CPU
		{7E526C83-136B-4587-A003-A0046CF1F34F}.Debug|Any CPU.Build.0 = Debug|Any CPU
		{7E526C83-136B-4587-A003-A0046CF1F34F}.Release|Any CPU.ActiveCfg = Release|Any CPU
		{7E526C83-136B-4587-A003-A0046CF1F34F}.Release|Any CPU.Build.0 = Release|Any CPU
	EndGlobalSection
EndGlobal
